
Microsoft Visual Studio Solution File, Format Version 12.00
# Visual Studio Version 16
VisualStudioVersion = 16.0.30611.23
MinimumVisualStudioVersion = 10.0.40219.1
Project("{9A19103F-16F7-4668-BE54-9A1E7A4F7556}") = "TibChannels.Identity", "TibChannels.Identity.csproj", "{3A94FD33-6DF8-4529-8B5A-117B623E8A6B}"
EndProject
Global
	GlobalSection(SolutionConfigurationPlatforms) = preSolution
		Debug|Any CPU = Debug|Any CPU
		Release|Any CPU = Release|Any CPU
	EndGlobalSection
	GlobalSection(ProjectConfigurationPlatforms) = postSolution
		{3A94FD33-6DF8-4529-8B5A-117B623E8A6B}.Debug|Any CPU.ActiveCfg = Debug|Any CPU
		{3A94FD33-6DF8-4529-8B5A-117B623E8A6B}.Debug|Any CPU.Build.0 = Debug|Any CPU
		{3A94FD33-6DF8-4529-8B5A-117B623E8A6B}.Release|Any CPU.ActiveCfg = Release|Any CPU
		{3A94FD33-6DF8-4529-8B5A-117B623E8A6B}.Release|Any CPU.Build.0 = Release|Any CPU
	EndGlobalSection
	GlobalSection(SolutionProperties) = preSolution
		HideSolutionNode = FALSE
	EndGlobalSection
	GlobalSection(ExtensibilityGlobals) = postSolution
		SolutionGuid = {C2F5233A-736C-45A0-BCA4-3F5849F7752E}
	EndGlobalSection
EndGlobal
